
Microsoft Visual Studio Solution File, Format Version 12.00
# Visual Studio Version 17
VisualStudioVersion = 17.10.34916.146
MinimumVisualStudioVersion = 10.0.40219.1
Project("{FAE04EC0-301F-11D3-BF4B-00C04F79EFBC}") = "multitrabajos-quinaopa-notificacion", "multitrabajos-quinaopa-notificacion\multitrabajos-quinaopa-notificacion.csproj", "{351FF15A-CF59-4DBE-A66C-9D956FFDA71C}"
EndProject
Global
	GlobalSection(SolutionConfigurationPlatforms) = preSolution
		Debug|Any CPU = Debug|Any CPU
		Release|Any CPU = Release|Any CPU
	EndGlobalSection
	GlobalSection(ProjectConfigurationPlatforms) = postSolution
		{351FF15A-CF59-4DBE-A66C-9D956FFDA71C}.Debug|Any CPU.ActiveCfg = Debug|Any CPU
		{351FF15A-CF59-4DBE-A66C-9D956FFDA71C}.Debug|Any CPU.Build.0 = Debug|Any CPU
		{351FF15A-CF59-4DBE-A66C-9D956FFDA71C}.Release|Any CPU.ActiveCfg = Release|Any CPU
		{351FF15A-CF59-4DBE-A66C-9D956FFDA71C}.Release|Any CPU.Build.0 = Release|Any CPU
	EndGlobalSection
	GlobalSection(SolutionProperties) = preSolution
		HideSolutionNode = FALSE
	EndGlobalSection
	GlobalSection(ExtensibilityGlobals) = postSolution
		SolutionGuid = {80F35F65-1C7C-4664-9F19-9C520DDC82DC}
	EndGlobalSection
EndGlobal
