
Microsoft Visual Studio Solution File, Format Version 12.00
# Visual Studio Version 17
VisualStudioVersion = 17.10.34916.146
MinimumVisualStudioVersion = 10.0.40219.1
Project("{9A19103F-16F7-4668-BE54-9A1E7A4F7556}") = "multitrabajo-gateway", "multitrabajo-gateway\multitrabajo-gateway.csproj", "{9952853B-6BE0-46CA-A0FF-B78B663B1DFA}"
EndProject
Global
	GlobalSection(SolutionConfigurationPlatforms) = preSolution
		Debug|Any CPU = Debug|Any CPU
		Release|Any CPU = Release|Any CPU
	EndGlobalSection
	GlobalSection(ProjectConfigurationPlatforms) = postSolution
		{9952853B-6BE0-46CA-A0FF-B78B663B1DFA}.Debug|Any CPU.ActiveCfg = Debug|Any CPU
		{9952853B-6BE0-46CA-A0FF-B78B663B1DFA}.Debug|Any CPU.Build.0 = Debug|Any CPU
		{9952853B-6BE0-46CA-A0FF-B78B663B1DFA}.Release|Any CPU.ActiveCfg = Release|Any CPU
		{9952853B-6BE0-46CA-A0FF-B78B663B1DFA}.Release|Any CPU.Build.0 = Release|Any CPU
	EndGlobalSection
	GlobalSection(SolutionProperties) = preSolution
		HideSolutionNode = FALSE
	EndGlobalSection
	GlobalSection(ExtensibilityGlobals) = postSolution
		SolutionGuid = {38834145-49CC-4D22-AC4A-C1E497458C9E}
	EndGlobalSection
EndGlobal
